{
  "object": {
    "pins": [
      {
        "package": "Acheron",
        "repositoryURL": "https://github.com/aepryus/Acheron.git",
        "state": {
          "branch": "master",
          "revision": "26c02d4b80dac70bac383b298f97b00a02ae017b",
          "version": null
        }
      }
    ]
  },
  "version": 1
}
