{
  "object": {
    "pins": [
      {
        "package": "Acheron",
        "repositoryURL": "https://github.com/aepryus/Acheron.git",
        "state": {
          "branch": "master",
          "revision": "dcd4289b48a26af069a736814ad50a692b5c1251",
          "version": null
        }
      }
    ]
  },
  "version": 1
}
