{
  "object": {
    "pins": [
      {
        "package": "Acheron",
        "repositoryURL": "https://github.com/aepryus/Acheron.git",
        "state": {
          "branch": "master",
          "revision": "b8cffd5a372412c7f27f0a34d6dd6d6836510efa",
          "version": null
        }
      }
    ]
  },
  "version": 1
}
